
Microsoft Visual Studio Solution File, Format Version 12.00
# Visual Studio Version 17
VisualStudioVersion = 17.11.35312.102
MinimumVisualStudioVersion = 10.0.40219.1
Project("{8BC9CEB8-8B4A-11D0-8D11-00A0C91BC942}") = "hello-triangle", "hello-triangle\hello-triangle.vcxproj", "{FA3893DC-36CB-450F-BCFA-3F328AEBDA66}"
EndProject
Project("{8BC9CEB8-8B4A-11D0-8D11-00A0C91BC942}") = "hello-gray-scott", "hello-gray-scott\hello-gray-scott.vcxproj", "{387D5A2A-94F7-4531-9CFF-DA76A3FAA49F}"
EndProject
Project("{8BC9CEB8-8B4A-11D0-8D11-00A0C91BC942}") = "hello-fractal", "hello-fractal\hello-fractal.vcxproj", "{8BE3EAD9-B506-4B00-844F-72989C354F68}"
EndProject
Project("{8BC9CEB8-8B4A-11D0-8D11-00A0C91BC942}") = "hello-shadertoy", "hello-shadertoy\hello-shadertoy.vcxproj", "{C98060DC-9F3D-4DBB-BBDD-F84DD017BE03}"
EndProject
Project("{8BC9CEB8-8B4A-11D0-8D11-00A0C91BC942}") = "hello-vkinfo", "hello-vkinfo\hello-vkinfo.vcxproj", "{CF8B6895-B854-4814-9B32-E57EE1956003}"
EndProject
Project("{8BC9CEB8-8B4A-11D0-8D11-00A0C91BC942}") = "hello-texture", "hello-texture\hello-texture.vcxproj", "{12F1D1BF-96FC-4236-A00E-896557713BC4}"
EndProject
Global
	GlobalSection(SolutionConfigurationPlatforms) = preSolution
		Debug|x64 = Debug|x64
		Debug|x86 = Debug|x86
		Release|x64 = Release|x64
		Release|x86 = Release|x86
	EndGlobalSection
	GlobalSection(ProjectConfigurationPlatforms) = postSolution
		{FA3893DC-36CB-450F-BCFA-3F328AEBDA66}.Debug|x64.ActiveCfg = Debug|x64
		{FA3893DC-36CB-450F-BCFA-3F328AEBDA66}.Debug|x64.Build.0 = Debug|x64
		{FA3893DC-36CB-450F-BCFA-3F328AEBDA66}.Debug|x86.ActiveCfg = Debug|Win32
		{FA3893DC-36CB-450F-BCFA-3F328AEBDA66}.Debug|x86.Build.0 = Debug|Win32
		{FA3893DC-36CB-450F-BCFA-3F328AEBDA66}.Release|x64.ActiveCfg = Release|x64
		{FA3893DC-36CB-450F-BCFA-3F328AEBDA66}.Release|x64.Build.0 = Release|x64
		{FA3893DC-36CB-450F-BCFA-3F328AEBDA66}.Release|x86.ActiveCfg = Release|Win32
		{FA3893DC-36CB-450F-BCFA-3F328AEBDA66}.Release|x86.Build.0 = Release|Win32
		{387D5A2A-94F7-4531-9CFF-DA76A3FAA49F}.Debug|x64.ActiveCfg = Debug|x64
		{387D5A2A-94F7-4531-9CFF-DA76A3FAA49F}.Debug|x64.Build.0 = Debug|x64
		{387D5A2A-94F7-4531-9CFF-DA76A3FAA49F}.Debug|x86.ActiveCfg = Debug|Win32
		{387D5A2A-94F7-4531-9CFF-DA76A3FAA49F}.Debug|x86.Build.0 = Debug|Win32
		{387D5A2A-94F7-4531-9CFF-DA76A3FAA49F}.Release|x64.ActiveCfg = Release|x64
		{387D5A2A-94F7-4531-9CFF-DA76A3FAA49F}.Release|x64.Build.0 = Release|x64
		{387D5A2A-94F7-4531-9CFF-DA76A3FAA49F}.Release|x86.ActiveCfg = Release|Win32
		{387D5A2A-94F7-4531-9CFF-DA76A3FAA49F}.Release|x86.Build.0 = Release|Win32
		{8BE3EAD9-B506-4B00-844F-72989C354F68}.Debug|x64.ActiveCfg = Debug|x64
		{8BE3EAD9-B506-4B00-844F-72989C354F68}.Debug|x64.Build.0 = Debug|x64
		{8BE3EAD9-B506-4B00-844F-72989C354F68}.Debug|x86.ActiveCfg = Debug|Win32
		{8BE3EAD9-B506-4B00-844F-72989C354F68}.Debug|x86.Build.0 = Debug|Win32
		{8BE3EAD9-B506-4B00-844F-72989C354F68}.Release|x64.ActiveCfg = Release|x64
		{8BE3EAD9-B506-4B00-844F-72989C354F68}.Release|x64.Build.0 = Release|x64
		{8BE3EAD9-B506-4B00-844F-72989C354F68}.Release|x86.ActiveCfg = Release|Win32
		{8BE3EAD9-B506-4B00-844F-72989C354F68}.Release|x86.Build.0 = Release|Win32
		{C98060DC-9F3D-4DBB-BBDD-F84DD017BE03}.Debug|x64.ActiveCfg = Debug|x64
		{C98060DC-9F3D-4DBB-BBDD-F84DD017BE03}.Debug|x64.Build.0 = Debug|x64
		{C98060DC-9F3D-4DBB-BBDD-F84DD017BE03}.Debug|x86.ActiveCfg = Debug|Win32
		{C98060DC-9F3D-4DBB-BBDD-F84DD017BE03}.Debug|x86.Build.0 = Debug|Win32
		{C98060DC-9F3D-4DBB-BBDD-F84DD017BE03}.Release|x64.ActiveCfg = Release|x64
		{C98060DC-9F3D-4DBB-BBDD-F84DD017BE03}.Release|x64.Build.0 = Release|x64
		{C98060DC-9F3D-4DBB-BBDD-F84DD017BE03}.Release|x86.ActiveCfg = Release|Win32
		{C98060DC-9F3D-4DBB-BBDD-F84DD017BE03}.Release|x86.Build.0 = Release|Win32
		{CF8B6895-B854-4814-9B32-E57EE1956003}.Debug|x64.ActiveCfg = Debug|x64
		{CF8B6895-B854-4814-9B32-E57EE1956003}.Debug|x64.Build.0 = Debug|x64
		{CF8B6895-B854-4814-9B32-E57EE1956003}.Debug|x86.ActiveCfg = Debug|Win32
		{CF8B6895-B854-4814-9B32-E57EE1956003}.Debug|x86.Build.0 = Debug|Win32
		{CF8B6895-B854-4814-9B32-E57EE1956003}.Release|x64.ActiveCfg = Release|x64
		{CF8B6895-B854-4814-9B32-E57EE1956003}.Release|x64.Build.0 = Release|x64
		{CF8B6895-B854-4814-9B32-E57EE1956003}.Release|x86.ActiveCfg = Release|Win32
		{CF8B6895-B854-4814-9B32-E57EE1956003}.Release|x86.Build.0 = Release|Win32
		{12F1D1BF-96FC-4236-A00E-896557713BC4}.Debug|x64.ActiveCfg = Debug|x64
		{12F1D1BF-96FC-4236-A00E-896557713BC4}.Debug|x64.Build.0 = Debug|x64
		{12F1D1BF-96FC-4236-A00E-896557713BC4}.Debug|x86.ActiveCfg = Debug|Win32
		{12F1D1BF-96FC-4236-A00E-896557713BC4}.Debug|x86.Build.0 = Debug|Win32
		{12F1D1BF-96FC-4236-A00E-896557713BC4}.Release|x64.ActiveCfg = Release|x64
		{12F1D1BF-96FC-4236-A00E-896557713BC4}.Release|x64.Build.0 = Release|x64
		{12F1D1BF-96FC-4236-A00E-896557713BC4}.Release|x86.ActiveCfg = Release|Win32
		{12F1D1BF-96FC-4236-A00E-896557713BC4}.Release|x86.Build.0 = Release|Win32
	EndGlobalSection
	GlobalSection(SolutionProperties) = preSolution
		HideSolutionNode = FALSE
	EndGlobalSection
	GlobalSection(ExtensibilityGlobals) = postSolution
		SolutionGuid = {320362E4-1A05-471C-8B34-B35CA0978732}
	EndGlobalSection
EndGlobal
